// !$*UTF8*$!
{
	archiveVersion = 1;
	classes = {
	};
	objectVersion = 46;
	objects = {

/* Begin PBXBuildFile section */
		7817128D1D3530D600C7CD79 /* AppDelegate.swift in Sources */ = {isa = PBXBuildFile; fileRef = 7817128C1D3530D600C7CD79 /* AppDelegate.swift */; };
		7817128F1D3530D600C7CD79 /* ViewController.swift in Sources */ = {isa = PBXBuildFile; fileRef = 7817128E1D3530D600C7CD79 /* ViewController.swift */; };
		781712921D3530D600C7CD79 /* Main.storyboard in Resources */ = {isa = PBXBuildFile; fileRef = 781712901D3530D600C7CD79 /* Main.storyboard */; };
		781712941D3530D600C7CD79 /* Assets.xcassets in Resources */ = {isa = PBXBuildFile; fileRef = 781712931D3530D600C7CD79 /* Assets.xcassets */; };
		781712971D3530D600C7CD79 /* LaunchScreen.storyboard in Resources */ = {isa = PBXBuildFile; fileRef = 781712951D3530D600C7CD79 /* LaunchScreen.storyboard */; };
		781712A21D3530D600C7CD79 /* Swift3_tableviewcontrollerTests.swift in Sources */ = {isa = PBXBuildFile; fileRef = 781712A11D3530D600C7CD79 /* Swift3_tableviewcontrollerTests.swift */; };
		781712AD1D3530D600C7CD79 /* Swift3_tableviewcontrollerUITests.swift in Sources */ = {isa = PBXBuildFile; fileRef = 781712AC1D3530D600C7CD79 /* Swift3_tableviewcontrollerUITests.swift */; };
		783F67021D3D20020096C218 /* IEHKeyboardBar.swift in Sources */ = {isa = PBXBuildFile; fileRef = 783F67001D3D20020096C218 /* IEHKeyboardBar.swift */; };
		783F67031D3D20020096C218 /* IEHTextview.swift in Sources */ = {isa = PBXBuildFile; fileRef = 783F67011D3D20020096C218 /* IEHTextview.swift */; };
/* End PBXBuildFile section */

/* Begin PBXContainerItemProxy section */
		7817129E1D3530D600C7CD79 /* PBXContainerItemProxy */ = {
			isa = PBXContainerItemProxy;
			containerPortal = 781712811D3530D600C7CD79 /* Project object */;
			proxyType = 1;
			remoteGlobalIDString = 781712881D3530D600C7CD79;
			remoteInfo = Swift3_tableviewcontroller;
		};
		781712A91D3530D600C7CD79 /* PBXContainerItemProxy */ = {
			isa = PBXContainerItemProxy;
			containerPortal = 781712811D3530D600C7CD79 /* Project object */;
			proxyType = 1;
			remoteGlobalIDString = 781712881D3530D600C7CD79;
			remoteInfo = Swift3_tableviewcontroller;
		};
/* End PBXContainerItemProxy section */

/* Begin PBXFileReference section */
		781712891D3530D600C7CD79 /* Swift3_tableviewcontroller.app */ = {isa = PBXFileReference; explicitFileType = wrapper.application; includeInIndex = 0; path = Swift3_tableviewcontroller.app; sourceTree = BUILT_PRODUCTS_DIR; };
		7817128C1D3530D600C7CD79 /* AppDelegate.swift */ = {isa = PBXFileReference; lastKnownFileType = sourcecode.swift; path = AppDelegate.swift; sourceTree = "<group>"; };
		7817128E1D3530D600C7CD79 /* ViewController.swift */ = {isa = PBXFileReference; lastKnownFileType = sourcecode.swift; path = ViewController.swift; sourceTree = "<group>"; };
		781712911D3530D600C7CD79 /* Base */ = {isa = PBXFileReference; lastKnownFileType = file.storyboard; name = Base; path = Base.lproj/Main.storyboard; sourceTree = "<group>"; };
		781712931D3530D600C7CD79 /* Assets.xcassets */ = {isa = PBXFileReference; lastKnownFileType = folder.assetcatalog; path = Assets.xcassets; sourceTree = "<group>"; };
		781712961D3530D600C7CD79 /* Base */ = {isa = PBXFileReference; lastKnownFileType = file.storyboard; name = Base; path = Base.lproj/LaunchScreen.storyboard; sourceTree = "<group>"; };
		781712981D3530D600C7CD79 /* Info.plist */ = {isa = PBXFileReference; lastKnownFileType = text.plist.xml; path = Info.plist; sourceTree = "<group>"; };
		7817129D1D3530D600C7CD79 /* Swift3_tableviewcontrollerTests.xctest */ = {isa = PBXFileReference; explicitFileType = wrapper.cfbundle; includeInIndex = 0; path = Swift3_tableviewcontrollerTests.xctest; sourceTree = BUILT_PRODUCTS_DIR; };
		781712A11D3530D600C7CD79 /* Swift3_tableviewcontrollerTests.swift */ = {isa = PBXFileReference; lastKnownFileType = sourcecode.swift; path = Swift3_tableviewcontrollerTests.swift; sourceTree = "<group>"; };
		781712A31D3530D600C7CD79 /* Info.plist */ = {isa = PBXFileReference; lastKnownFileType = text.plist.xml; path = Info.plist; sourceTree = "<group>"; };
		781712A81D3530D600C7CD79 /* Swift3_tableviewcontrollerUITests.xctest */ = {isa = PBXFileReference; explicitFileType = wrapper.cfbundle; includeInIndex = 0; path = Swift3_tableviewcontrollerUITests.xctest; sourceTree = BUILT_PRODUCTS_DIR; };
		781712AC1D3530D600C7CD79 /* Swift3_tableviewcontrollerUITests.swift */ = {isa = PBXFileReference; lastKnownFileType = sourcecode.swift; path = Swift3_tableviewcontrollerUITests.swift; sourceTree = "<group>"; };
		781712AE1D3530D600C7CD79 /* Info.plist */ = {isa = PBXFileReference; lastKnownFileType = text.plist.xml; path = Info.plist; sourceTree = "<group>"; };
		783F67001D3D20020096C218 /* IEHKeyboardBar.swift */ = {isa = PBXFileReference; fileEncoding = 4; lastKnownFileType = sourcecode.swift; name = IEHKeyboardBar.swift; path = Source/IEHKeyboardBar.swift; sourceTree = "<group>"; };
		783F67011D3D20020096C218 /* IEHTextview.swift */ = {isa = PBXFileReference; fileEncoding = 4; lastKnownFileType = sourcecode.swift; name = IEHTextview.swift; path = Source/IEHTextview.swift; sourceTree = "<group>"; };
/* End PBXFileReference section */

/* Begin PBXFrameworksBuildPhase section */
		781712861D3530D600C7CD79 /* Frameworks */ = {
			isa = PBXFrameworksBuildPhase;
			buildActionMask = 2147483647;
			files = (
			);
			runOnlyForDeploymentPostprocessing = 0;
		};
		7817129A1D3530D600C7CD79 /* Frameworks */ = {
			isa = PBXFrameworksBuildPhase;
			buildActionMask = 2147483647;
			files = (
			);
			runOnlyForDeploymentPostprocessing = 0;
		};
		781712A51D3530D600C7CD79 /* Frameworks */ = {
			isa = PBXFrameworksBuildPhase;
			buildActionMask = 2147483647;
			files = (
			);
			runOnlyForDeploymentPostprocessing = 0;
		};
/* End PBXFrameworksBuildPhase section */

/* Begin PBXGroup section */
		781712801D3530D600C7CD79 = {
			isa = PBXGroup;
			children = (
				7817128B1D3530D600C7CD79 /* Swift3_tableviewcontroller */,
				781712A01D3530D600C7CD79 /* Swift3_tableviewcontrollerTests */,
				781712AB1D3530D600C7CD79 /* Swift3_tableviewcontrollerUITests */,
				7817128A1D3530D600C7CD79 /* Products */,
			);
			sourceTree = "<group>";
		};
		7817128A1D3530D600C7CD79 /* Products */ = {
			isa = PBXGroup;
			children = (
				781712891D3530D600C7CD79 /* Swift3_tableviewcontroller.app */,
				7817129D1D3530D600C7CD79 /* Swift3_tableviewcontrollerTests.xctest */,
				781712A81D3530D600C7CD79 /* Swift3_tableviewcontrollerUITests.xctest */,
			);
			name = Products;
			sourceTree = "<group>";
		};
		7817128B1D3530D600C7CD79 /* Swift3_tableviewcontroller */ = {
			isa = PBXGroup;
			children = (
				783F67001D3D20020096C218 /* IEHKeyboardBar.swift */,
				783F67011D3D20020096C218 /* IEHTextview.swift */,
				7817128C1D3530D600C7CD79 /* AppDelegate.swift */,
				7817128E1D3530D600C7CD79 /* ViewController.swift */,
				781712901D3530D600C7CD79 /* Main.storyboard */,
				781712931D3530D600C7CD79 /* Assets.xcassets */,
				781712951D3530D600C7CD79 /* LaunchScreen.storyboard */,
				781712981D3530D600C7CD79 /* Info.plist */,
			);
			path = Swift3_tableviewcontroller;
			sourceTree = "<group>";
		};
		781712A01D3530D600C7CD79 /* Swift3_tableviewcontrollerTests */ = {
			isa = PBXGroup;
			children = (
				781712A11D3530D600C7CD79 /* Swift3_tableviewcontrollerTests.swift */,
				781712A31D3530D600C7CD79 /* Info.plist */,
			);
			path = Swift3_tableviewcontrollerTests;
			sourceTree = "<group>";
		};
		781712AB1D3530D600C7CD79 /* Swift3_tableviewcontrollerUITests */ = {
			isa = PBXGroup;
			children = (
				781712AC1D3530D600C7CD79 /* Swift3_tableviewcontrollerUITests.swift */,
				781712AE1D3530D600C7CD79 /* Info.plist */,
			);
			path = Swift3_tableviewcontrollerUITests;
			sourceTree = "<group>";
		};
/* End PBXGroup section */

/* Begin PBXNativeTarget section */
		781712881D3530D600C7CD79 /* Swift3_tableviewcontroller */ = {
			isa = PBXNativeTarget;
			buildConfigurationList = 781712B11D3530D600C7CD79 /* Build configuration list for PBXNativeTarget "Swift3_tableviewcontroller" */;
			buildPhases = (
				781712851D3530D600C7CD79 /* Sources */,
				781712861D3530D600C7CD79 /* Frameworks */,
				781712871D3530D600C7CD79 /* Resources */,
			);
			buildRules = (
			);
			dependencies = (
			);
			name = Swift3_tableviewcontroller;
			productName = Swift3_tableviewcontroller;
			productReference = 781712891D3530D600C7CD79 /* Swift3_tableviewcontroller.app */;
			productType = "com.apple.product-type.application";
		};
		7817129C1D3530D600C7CD79 /* Swift3_tableviewcontrollerTests */ = {
			isa = PBXNativeTarget;
			buildConfigurationList = 781712B41D3530D600C7CD79 /* Build configuration list for PBXNativeTarget "Swift3_tableviewcontrollerTests" */;
			buildPhases = (
				781712991D3530D600C7CD79 /* Sources */,
				7817129A1D3530D600C7CD79 /* Frameworks */,
				7817129B1D3530D600C7CD79 /* Resources */,
			);
			buildRules = (
			);
			dependencies = (
				7817129F1D3530D600C7CD79 /* PBXTargetDependency */,
			);
			name = Swift3_tableviewcontrollerTests;
			productName = Swift3_tableviewcontrollerTests;
			productReference = 7817129D1D3530D600C7CD79 /* Swift3_tableviewcontrollerTests.xctest */;
			productType = "com.apple.product-type.bundle.unit-test";
		};
		781712A71D3530D600C7CD79 /* Swift3_tableviewcontrollerUITests */ = {
			isa = PBXNativeTarget;
			buildConfigurationList = 781712B71D3530D600C7CD79 /* Build configuration list for PBXNativeTarget "Swift3_tableviewcontrollerUITests" */;
			buildPhases = (
				781712A41D3530D600C7CD79 /* Sources */,
				781712A51D3530D600C7CD79 /* Frameworks */,
				781712A61D3530D600C7CD79 /* Resources */,
			);
			buildRules = (
			);
			dependencies = (
				781712AA1D3530D600C7CD79 /* PBXTargetDependency */,
			);
			name = Swift3_tableviewcontrollerUITests;
			productName = Swift3_tableviewcontrollerUITests;
			productReference = 781712A81D3530D600C7CD79 /* Swift3_tableviewcontrollerUITests.xctest */;
			productType = "com.apple.product-type.bundle.ui-testing";
		};
/* End PBXNativeTarget section */

/* Begin PBXProject section */
		781712811D3530D600C7CD79 /* Project object */ = {
			isa = PBXProject;
			attributes = {
				LastSwiftUpdateCheck = 0800;
				LastUpgradeCheck = 0800;
				ORGANIZATIONNAME = "ismail el habbash";
				TargetAttributes = {
					781712881D3530D600C7CD79 = {
						CreatedOnToolsVersion = 8.0;
						DevelopmentTeam = Z9NL2LN3VS;
						DevelopmentTeamName = "Ismail Elhabbash (Personal Team)";
						ProvisioningStyle = Automatic;
					};
					7817129C1D3530D600C7CD79 = {
						CreatedOnToolsVersion = 8.0;
						DevelopmentTeam = Z9NL2LN3VS;
						DevelopmentTeamName = "Ismail Elhabbash (Personal Team)";
						ProvisioningStyle = Automatic;
						TestTargetID = 781712881D3530D600C7CD79;
					};
					781712A71D3530D600C7CD79 = {
						CreatedOnToolsVersion = 8.0;
						DevelopmentTeam = Z9NL2LN3VS;
						DevelopmentTeamName = "Ismail Elhabbash (Personal Team)";
						ProvisioningStyle = Automatic;
						TestTargetID = 781712881D3530D600C7CD79;
					};
				};
			};
			buildConfigurationList = 781712841D3530D600C7CD79 /* Build configuration list for PBXProject "Swift3_tableviewcontroller" */;
			compatibilityVersion = "Xcode 3.2";
			developmentRegion = English;
			hasScannedForEncodings = 0;
			knownRegions = (
				en,
				Base,
			);
			mainGroup = 781712801D3530D600C7CD79;
			productRefGroup = 7817128A1D3530D600C7CD79 /* Products */;
			projectDirPath = "";
			projectRoot = "";
			targets = (
				781712881D3530D600C7CD79 /* Swift3_tableviewcontroller */,
				7817129C1D3530D600C7CD79 /* Swift3_tableviewcontrollerTests */,
				781712A71D3530D600C7CD79 /* Swift3_tableviewcontrollerUITests */,
			);
		};
/* End PBXProject section */

/* Begin PBXResourcesBuildPhase section */
		781712871D3530D600C7CD79 /* Resources */ = {
			isa = PBXResourcesBuildPhase;
			buildActionMask = 2147483647;
			files = (
				781712971D3530D600C7CD79 /* LaunchScreen.storyboard in Resources */,
				781712941D3530D600C7CD79 /* Assets.xcassets in Resources */,
				781712921D3530D600C7CD79 /* Main.storyboard in Resources */,
			);
			runOnlyForDeploymentPostprocessing = 0;
		};
		7817129B1D3530D600C7CD79 /* Resources */ = {
			isa = PBXResourcesBuildPhase;
			buildActionMask = 2147483647;
			files = (
			);
			runOnlyForDeploymentPostprocessing = 0;
		};
		781712A61D3530D600C7CD79 /* Resources */ = {
			isa = PBXResourcesBuildPhase;
			buildActionMask = 2147483647;
			files = (
			);
			runOnlyForDeploymentPostprocessing = 0;
		};
/* End PBXResourcesBuildPhase section */

/* Begin PBXSourcesBuildPhase section */
		781712851D3530D600C7CD79 /* Sources */ = {
			isa = PBXSourcesBuildPhase;
			buildActionMask = 2147483647;
			files = (
				7817128F1D3530D600C7CD79 /* ViewController.swift in Sources */,
				783F67031D3D20020096C218 /* IEHTextview.swift in Sources */,
				783F67021D3D20020096C218 /* IEHKeyboardBar.swift in Sources */,
				7817128D1D3530D600C7CD79 /* AppDelegate.swift in Sources */,
			);
			runOnlyForDeploymentPostprocessing = 0;
		};
		781712991D3530D600C7CD79 /* Sources */ = {
			isa = PBXSourcesBuildPhase;
			buildActionMask = 2147483647;
			files = (
				781712A21D3530D600C7CD79 /* Swift3_tableviewcontrollerTests.swift in Sources */,
			);
			runOnlyForDeploymentPostprocessing = 0;
		};
		781712A41D3530D600C7CD79 /* Sources */ = {
			isa = PBXSourcesBuildPhase;
			buildActionMask = 2147483647;
			files = (
				781712AD1D3530D600C7CD79 /* Swift3_tableviewcontrollerUITests.swift in Sources */,
			);
			runOnlyForDeploymentPostprocessing = 0;
		};
/* End PBXSourcesBuildPhase section */

/* Begin PBXTargetDependency section */
		7817129F1D3530D600C7CD79 /* PBXTargetDependency */ = {
			isa = PBXTargetDependency;
			target = 781712881D3530D600C7CD79 /* Swift3_tableviewcontroller */;
			targetProxy = 7817129E1D3530D600C7CD79 /* PBXContainerItemProxy */;
		};
		781712AA1D3530D600C7CD79 /* PBXTargetDependency */ = {
			isa = PBXTargetDependency;
			target = 781712881D3530D600C7CD79 /* Swift3_tableviewcontroller */;
			targetProxy = 781712A91D3530D600C7CD79 /* PBXContainerItemProxy */;
		};
/* End PBXTargetDependency section */

/* Begin PBXVariantGroup section */
		781712901D3530D600C7CD79 /* Main.storyboard */ = {
			isa = PBXVariantGroup;
			children = (
				781712911D3530D600C7CD79 /* Base */,
			);
			name = Main.storyboard;
			sourceTree = "<group>";
		};
		781712951D3530D600C7CD79 /* LaunchScreen.storyboard */ = {
			isa = PBXVariantGroup;
			children = (
				781712961D3530D600C7CD79 /* Base */,
			);
			name = LaunchScreen.storyboard;
			sourceTree = "<group>";
		};
/* End PBXVariantGroup section */

/* Begin XCBuildConfiguration section */
		781712AF1D3530D600C7CD79 /* Debug */ = {
			isa = XCBuildConfiguration;
			buildSettings = {
				ALWAYS_SEARCH_USER_PATHS = NO;
				CLANG_ANALYZER_NONNULL = YES;
				CLANG_CXX_LANGUAGE_STANDARD = "gnu++0x";
				CLANG_CXX_LIBRARY = "libc++";
				CLANG_ENABLE_MODULES = YES;
				CLANG_ENABLE_OBJC_ARC = YES;
				CLANG_WARN_BOOL_CONVERSION = YES;
				CLANG_WARN_CONSTANT_CONVERSION = YES;
				CLANG_WARN_DIRECT_OBJC_ISA_USAGE = YES_ERROR;
				CLANG_WARN_DOCUMENTATION_COMMENTS = YES;
				CLANG_WARN_EMPTY_BODY = YES;
				CLANG_WARN_ENUM_CONVERSION = YES;
				CLANG_WARN_INT_CONVERSION = YES;
				CLANG_WARN_OBJC_ROOT_CLASS = YES_ERROR;
				CLANG_WARN_UNREACHABLE_CODE = YES;
				CLANG_WARN__DUPLICATE_METHOD_MATCH = YES;
				"CODE_SIGN_IDENTITY[sdk=iphoneos*]" = "iPhone Developer";
				COPY_PHASE_STRIP = NO;
				DEBUG_INFORMATION_FORMAT = dwarf;
				ENABLE_STRICT_OBJC_MSGSEND = YES;
				ENABLE_TESTABILITY = YES;
				GCC_C_LANGUAGE_STANDARD = gnu99;
				GCC_DYNAMIC_NO_PIC = NO;
				GCC_NO_COMMON_BLOCKS = YES;
				GCC_OPTIMIZATION_LEVEL = 0;
				GCC_PREPROCESSOR_DEFINITIONS = (
					"DEBUG=1",
					"$(inherited)",
				);
				GCC_WARN_64_TO_32_BIT_CONVERSION = YES;
				GCC_WARN_ABOUT_RETURN_TYPE = YES_ERROR;
				GCC_WARN_UNDECLARED_SELECTOR = YES;
				GCC_WARN_UNINITIALIZED_AUTOS = YES_AGGRESSIVE;
				GCC_WARN_UNUSED_FUNCTION = YES;
				GCC_WARN_UNUSED_VARIABLE = YES;
				IPHONEOS_DEPLOYMENT_TARGET = 10.0;
				MTL_ENABLE_DEBUG_INFO = YES;
				ONLY_ACTIVE_ARCH = YES;
				SDKROOT = iphoneos;
				SWIFT_ACTIVE_COMPILATION_CONDITIONS = DEBUG;
				SWIFT_OPTIMIZATION_LEVEL = "-Onone";
				TARGETED_DEVICE_FAMILY = "1,2";
			};
			name = Debug;
		};
		781712B01D3530D600C7CD79 /* Release */ = {
			isa = XCBuildConfiguration;
			buildSettings = {
				ALWAYS_SEARCH_USER_PATHS = NO;
				CLANG_ANALYZER_NONNULL = YES;
				CLANG_CXX_LANGUAGE_STANDARD = "gnu++0x";
				CLANG_CXX_LIBRARY = "libc++";
				CLANG_ENABLE_MODULES = YES;
				CLANG_ENABLE_OBJC_ARC = YES;
				CLANG_WARN_BOOL_CONVERSION = YES;
				CLANG_WARN_CONSTANT_CONVERSION = YES;
				CLANG_WARN_DIRECT_OBJC_ISA_USAGE = YES_ERROR;
				CLANG_WARN_DOCUMENTATION_COMMENTS = YES;
				CLANG_WARN_EMPTY_BODY = YES;
				CLANG_WARN_ENUM_CONVERSION = YES;
				CLANG_WARN_INT_CONVERSION = YES;
				CLANG_WARN_OBJC_ROOT_CLASS = YES_ERROR;
				CLANG_WARN_UNREACHABLE_CODE = YES;
				CLANG_WARN__DUPLICATE_METHOD_MATCH = YES;
				"CODE_SIGN_IDENTITY[sdk=iphoneos*]" = "iPhone Developer";
				COPY_PHASE_STRIP = NO;
				DEBUG_INFORMATION_FORMAT = "dwarf-with-dsym";
				ENABLE_NS_ASSERTIONS = NO;
				ENABLE_STRICT_OBJC_MSGSEND = YES;
				GCC_C_LANGUAGE_STANDARD = gnu99;
				GCC_NO_COMMON_BLOCKS = YES;
				GCC_WARN_64_TO_32_BIT_CONVERSION = YES;
				GCC_WARN_ABOUT_RETURN_TYPE = YES_ERROR;
				GCC_WARN_UNDECLARED_SELECTOR = YES;
				GCC_WARN_UNINITIALIZED_AUTOS = YES_AGGRESSIVE;
				GCC_WARN_UNUSED_FUNCTION = YES;
				GCC_WARN_UNUSED_VARIABLE = YES;
				IPHONEOS_DEPLOYMENT_TARGET = 10.0;
				MTL_ENABLE_DEBUG_INFO = NO;
				SDKROOT = iphoneos;
				SWIFT_OPTIMIZATION_LEVEL = "-Owholemodule";
				TARGETED_DEVICE_FAMILY = "1,2";
				VALIDATE_PRODUCT = YES;
			};
			name = Release;
		};
		781712B21D3530D600C7CD79 /* Debug */ = {
			isa = XCBuildConfiguration;
			buildSettings = {
				ASSETCATALOG_COMPILER_APPICON_NAME = AppIcon;
				INFOPLIST_FILE = Swift3_tableviewcontroller/Info.plist;
				LD_RUNPATH_SEARCH_PATHS = "$(inherited) @executable_path/Frameworks";
				PRODUCT_BUNDLE_IDENTIFIER = "ismailElHabbash.Swift3-tableviewcontroller";
				PRODUCT_NAME = "$(TARGET_NAME)";
				SWIFT_VERSION = 3.0;
			};
			name = Debug;
		};
		781712B31D3530D600C7CD79 /* Release */ = {
			isa = XCBuildConfiguration;
			buildSettings = {
				ASSETCATALOG_COMPILER_APPICON_NAME = AppIcon;
				INFOPLIST_FILE = Swift3_tableviewcontroller/Info.plist;
				LD_RUNPATH_SEARCH_PATHS = "$(inherited) @executable_path/Frameworks";
				PRODUCT_BUNDLE_IDENTIFIER = "ismailElHabbash.Swift3-tableviewcontroller";
				PRODUCT_NAME = "$(TARGET_NAME)";
				SWIFT_VERSION = 3.0;
			};
			name = Release;
		};
		781712B51D3530D600C7CD79 /* Debug */ = {
			isa = XCBuildConfiguration;
			buildSettings = {
				BUNDLE_LOADER = "$(TEST_HOST)";
				INFOPLIST_FILE = Swift3_tableviewcontrollerTests/Info.plist;
				LD_RUNPATH_SEARCH_PATHS = "$(inherited) @executable_path/Frameworks @loader_path/Frameworks";
				PRODUCT_BUNDLE_IDENTIFIER = "ismailElHabbash.Swift3-tableviewcontrollerTests";
				PRODUCT_NAME = "$(TARGET_NAME)";
				SWIFT_VERSION = 3.0;
				TEST_HOST = "$(BUILT_PRODUCTS_DIR)/Swift3_tableviewcontroller.app/Swift3_tableviewcontroller";
			};
			name = Debug;
		};
		781712B61D3530D600C7CD79 /* Release */ = {
			isa = XCBuildConfiguration;
			buildSettings = {
				BUNDLE_LOADER = "$(TEST_HOST)";
				INFOPLIST_FILE = Swift3_tableviewcontrollerTests/Info.plist;
				LD_RUNPATH_SEARCH_PATHS = "$(inherited) @executable_path/Frameworks @loader_path/Frameworks";
				PRODUCT_BUNDLE_IDENTIFIER = "ismailElHabbash.Swift3-tableviewcontrollerTests";
				PRODUCT_NAME = "$(TARGET_NAME)";
				SWIFT_VERSION = 3.0;
				TEST_HOST = "$(BUILT_PRODUCTS_DIR)/Swift3_tableviewcontroller.app/Swift3_tableviewcontroller";
			};
			name = Release;
		};
		781712B81D3530D600C7CD79 /* Debug */ = {
			isa = XCBuildConfiguration;
			buildSettings = {
				INFOPLIST_FILE = Swift3_tableviewcontrollerUITests/Info.plist;
				LD_RUNPATH_SEARCH_PATHS = "$(inherited) @executable_path/Frameworks @loader_path/Frameworks";
				PRODUCT_BUNDLE_IDENTIFIER = "ismailElHabbash.Swift3-tableviewcontrollerUITests";
				PRODUCT_NAME = "$(TARGET_NAME)";
				SWIFT_VERSION = 3.0;
				TEST_TARGET_NAME = Swift3_tableviewcontroller;
			};
			name = Debug;
		};
		781712B91D3530D600C7CD79 /* Release */ = {
			isa = XCBuildConfiguration;
			buildSettings = {
				INFOPLIST_FILE = Swift3_tableviewcontrollerUITests/Info.plist;
				LD_RUNPATH_SEARCH_PATHS = "$(inherited) @executable_path/Frameworks @loader_path/Frameworks";
				PRODUCT_BUNDLE_IDENTIFIER = "ismailElHabbash.Swift3-tableviewcontrollerUITests";
				PRODUCT_NAME = "$(TARGET_NAME)";
				SWIFT_VERSION = 3.0;
				TEST_TARGET_NAME = Swift3_tableviewcontroller;
			};
			name = Release;
		};
/* End XCBuildConfiguration section */

/* Begin XCConfigurationList section */
		781712841D3530D600C7CD79 /* Build configuration list for PBXProject "Swift3_tableviewcontroller" */ = {
			isa = XCConfigurationList;
			buildConfigurations = (
				781712AF1D3530D600C7CD79 /* Debug */,
				781712B01D3530D600C7CD79 /* Release */,
			);
			defaultConfigurationIsVisible = 0;
			defaultConfigurationName = Release;
		};
		781712B11D3530D600C7CD79 /* Build configuration list for PBXNativeTarget "Swift3_tableviewcontroller" */ = {
			isa = XCConfigurationList;
			buildConfigurations = (
				781712B21D3530D600C7CD79 /* Debug */,
				781712B31D3530D600C7CD79 /* Release */,
			);
			defaultConfigurationIsVisible = 0;
			defaultConfigurationName = Release;
		};
		781712B41D3530D600C7CD79 /* Build configuration list for PBXNativeTarget "Swift3_tableviewcontrollerTests" */ = {
			isa = XCConfigurationList;
			buildConfigurations = (
				781712B51D3530D600C7CD79 /* Debug */,
				781712B61D3530D600C7CD79 /* Release */,
			);
			defaultConfigurationIsVisible = 0;
			defaultConfigurationName = Release;
		};
		781712B71D3530D600C7CD79 /* Build configuration list for PBXNativeTarget "Swift3_tableviewcontrollerUITests" */ = {
			isa = XCConfigurationList;
			buildConfigurations = (
				781712B81D3530D600C7CD79 /* Debug */,
				781712B91D3530D600C7CD79 /* Release */,
			);
			defaultConfigurationIsVisible = 0;
			defaultConfigurationName = Release;
		};
/* End XCConfigurationList section */
	};
	rootObject = 781712811D3530D600C7CD79 /* Project object */;
}
